
Microsoft Visual Studio Solution File, Format Version 12.00
# Visual Studio Version 17
VisualStudioVersion = 17.11.35327.3
MinimumVisualStudioVersion = 10.0.40219.1
Project("{9A19103F-16F7-4668-BE54-9A1E7A4F7556}") = "VehicleShowroom.Web", "VehicleShowroom.Web\VehicleShowroom.Web.csproj", "{4F8A3730-37CB-4847-A582-37B82509EED8}"
EndProject
Project("{9A19103F-16F7-4668-BE54-9A1E7A4F7556}") = "VehicleShowroom.Common", "VehicleShowroom.Common\VehicleShowroom.Common.csproj", "{399D62E1-A36B-4F4B-ACF2-F3D7319C66A9}"
EndProject
Project("{9A19103F-16F7-4668-BE54-9A1E7A4F7556}") = "VehicleShowroom.Data.Models", "VehicleShowroom.Data.Models\VehicleShowroom.Data.Models.csproj", "{71CD4169-D1CB-47F2-8887-4F38499B8D01}"
EndProject
Project("{2150E333-8FDC-42A3-9474-1A3956D46DE8}") = "Web", "Web", "{846F470F-0A0C-4FC7-9290-73B09EE045FE}"
EndProject
Project("{2150E333-8FDC-42A3-9474-1A3956D46DE8}") = "Data", "Data", "{2362975E-281D-49A4-9463-4F5ACEB055B5}"
EndProject
Project("{9A19103F-16F7-4668-BE54-9A1E7A4F7556}") = "VehicleShowroom.Data", "VehicleShowroom.Data\VehicleShowroom.Data.csproj", "{68306EB6-81C6-4435-80B4-0665B583DE86}"
EndProject
Project("{2150E333-8FDC-42A3-9474-1A3956D46DE8}") = "Services", "Services", "{9B97D0E2-6C86-4DBD-BB21-99292D1E9C25}"
EndProject
Project("{9A19103F-16F7-4668-BE54-9A1E7A4F7556}") = "VehicleShowroom.Services.Data", "VehicleShowroom.Services.Data\VehicleShowroom.Services.Data.csproj", "{78151081-1A0C-472D-A9C7-E503FB34E99A}"
EndProject
Project("{9A19103F-16F7-4668-BE54-9A1E7A4F7556}") = "VehicleShowroom.Web.Models", "VehicleShowroom.Web.Models\VehicleShowroom.Web.Models.csproj", "{37F07D05-4D5E-42D0-9CA5-C8F6B4824829}"
EndProject
Project("{2150E333-8FDC-42A3-9474-1A3956D46DE8}") = "Tests", "Tests", "{8636201A-31A9-46D7-8190-5D76627C69D0}"
EndProject
Project("{FAE04EC0-301F-11D3-BF4B-00C04F79EFBC}") = "VehicleShowroom.Services.Tests", "VehicleShowroom.Services.Tests\VehicleShowroom.Services.Tests.csproj", "{1658A215-38DF-4D6A-B886-1A759A17DBE7}"
EndProject
Global
	GlobalSection(SolutionConfigurationPlatforms) = preSolution
		Debug|Any CPU = Debug|Any CPU
		Release|Any CPU = Release|Any CPU
	EndGlobalSection
	GlobalSection(ProjectConfigurationPlatforms) = postSolution
		{4F8A3730-37CB-4847-A582-37B82509EED8}.Debug|Any CPU.ActiveCfg = Debug|Any CPU
		{4F8A3730-37CB-4847-A582-37B82509EED8}.Debug|Any CPU.Build.0 = Debug|Any CPU
		{4F8A3730-37CB-4847-A582-37B82509EED8}.Release|Any CPU.ActiveCfg = Release|Any CPU
		{4F8A3730-37CB-4847-A582-37B82509EED8}.Release|Any CPU.Build.0 = Release|Any CPU
		{399D62E1-A36B-4F4B-ACF2-F3D7319C66A9}.Debug|Any CPU.ActiveCfg = Debug|Any CPU
		{399D62E1-A36B-4F4B-ACF2-F3D7319C66A9}.Debug|Any CPU.Build.0 = Debug|Any CPU
		{399D62E1-A36B-4F4B-ACF2-F3D7319C66A9}.Release|Any CPU.ActiveCfg = Release|Any CPU
		{399D62E1-A36B-4F4B-ACF2-F3D7319C66A9}.Release|Any CPU.Build.0 = Release|Any CPU
		{71CD4169-D1CB-47F2-8887-4F38499B8D01}.Debug|Any CPU.ActiveCfg = Debug|Any CPU
		{71CD4169-D1CB-47F2-8887-4F38499B8D01}.Debug|Any CPU.Build.0 = Debug|Any CPU
		{71CD4169-D1CB-47F2-8887-4F38499B8D01}.Release|Any CPU.ActiveCfg = Release|Any CPU
		{71CD4169-D1CB-47F2-8887-4F38499B8D01}.Release|Any CPU.Build.0 = Release|Any CPU
		{68306EB6-81C6-4435-80B4-0665B583DE86}.Debug|Any CPU.ActiveCfg = Debug|Any CPU
		{68306EB6-81C6-4435-80B4-0665B583DE86}.Debug|Any CPU.Build.0 = Debug|Any CPU
		{68306EB6-81C6-4435-80B4-0665B583DE86}.Release|Any CPU.ActiveCfg = Release|Any CPU
		{68306EB6-81C6-4435-80B4-0665B583DE86}.Release|Any CPU.Build.0 = Release|Any CPU
		{78151081-1A0C-472D-A9C7-E503FB34E99A}.Debug|Any CPU.ActiveCfg = Debug|Any CPU
		{78151081-1A0C-472D-A9C7-E503FB34E99A}.Debug|Any CPU.Build.0 = Debug|Any CPU
		{78151081-1A0C-472D-A9C7-E503FB34E99A}.Release|Any CPU.ActiveCfg = Release|Any CPU
		{78151081-1A0C-472D-A9C7-E503FB34E99A}.Release|Any CPU.Build.0 = Release|Any CPU
		{37F07D05-4D5E-42D0-9CA5-C8F6B4824829}.Debug|Any CPU.ActiveCfg = Debug|Any CPU
		{37F07D05-4D5E-42D0-9CA5-C8F6B4824829}.Debug|Any CPU.Build.0 = Debug|Any CPU
		{37F07D05-4D5E-42D0-9CA5-C8F6B4824829}.Release|Any CPU.ActiveCfg = Release|Any CPU
		{37F07D05-4D5E-42D0-9CA5-C8F6B4824829}.Release|Any CPU.Build.0 = Release|Any CPU
		{1658A215-38DF-4D6A-B886-1A759A17DBE7}.Debug|Any CPU.ActiveCfg = Debug|Any CPU
		{1658A215-38DF-4D6A-B886-1A759A17DBE7}.Debug|Any CPU.Build.0 = Debug|Any CPU
		{1658A215-38DF-4D6A-B886-1A759A17DBE7}.Release|Any CPU.ActiveCfg = Release|Any CPU
		{1658A215-38DF-4D6A-B886-1A759A17DBE7}.Release|Any CPU.Build.0 = Release|Any CPU
	EndGlobalSection
	GlobalSection(SolutionProperties) = preSolution
		HideSolutionNode = FALSE
	EndGlobalSection
	GlobalSection(NestedProjects) = preSolution
		{4F8A3730-37CB-4847-A582-37B82509EED8} = {846F470F-0A0C-4FC7-9290-73B09EE045FE}
		{71CD4169-D1CB-47F2-8887-4F38499B8D01} = {2362975E-281D-49A4-9463-4F5ACEB055B5}
		{68306EB6-81C6-4435-80B4-0665B583DE86} = {2362975E-281D-49A4-9463-4F5ACEB055B5}
		{78151081-1A0C-472D-A9C7-E503FB34E99A} = {9B97D0E2-6C86-4DBD-BB21-99292D1E9C25}
		{37F07D05-4D5E-42D0-9CA5-C8F6B4824829} = {846F470F-0A0C-4FC7-9290-73B09EE045FE}
		{1658A215-38DF-4D6A-B886-1A759A17DBE7} = {8636201A-31A9-46D7-8190-5D76627C69D0}
	EndGlobalSection
	GlobalSection(ExtensibilityGlobals) = postSolution
		SolutionGuid = {9E37015E-FCB6-45EC-8E52-6D4DE4BBACBB}
	EndGlobalSection
EndGlobal
